{
  "nodes": {
    "blobs": {
      "flake": false,
      "locked": {
        "lastModified": 1604995301,
        "narHash": "sha256-wcLzgLec6SGJA8fx1OEN1yV/Py5b+U5iyYpksUY/yLw=",
        "owner": "simple-nixos-mailserver",
        "repo": "blobs",
        "rev": "2cccdf1ca48316f2cfd1c9a0017e8de5a7156265",
        "type": "gitlab"
      },
      "original": {
        "owner": "simple-nixos-mailserver",
        "repo": "blobs",
        "type": "gitlab"
      }
    },
    "crane": {
      "inputs": {
        "flake-compat": "flake-compat_2",
        "flake-utils": "flake-utils_2",
        "nixpkgs": [
          "nixpkgs-f2k",
          "nixpkgs"
        ],
        "rust-overlay": "rust-overlay"
      },
      "locked": {
        "lastModified": 1675902425,
        "narHash": "sha256-ASv/7bZIoP/2FON+RNFYYUlmpleZAjKKb4XF1Pmhu4g=",
        "owner": "ipetkov",
        "repo": "crane",
        "rev": "8c34e5ecadc691dd64b31b9317eb35d7cdaa636b",
        "type": "github"
      },
      "original": {
        "owner": "ipetkov",
        "repo": "crane",
        "type": "github"
      }
    },
    "fenix": {
      "inputs": {
        "nixpkgs": [
          "nixpkgs-f2k",
          "nixpkgs-fmt",
          "nixpkgs"
        ],
        "rust-analyzer-src": "rust-analyzer-src"
      },
      "locked": {
        "lastModified": 1637475807,
        "narHash": "sha256-E3nzOvlzZXwyo8Stp5upKsTCDcqUTYAFj4EC060A31c=",
        "owner": "nix-community",
        "repo": "fenix",
        "rev": "960e7fef45692a4fffc6df6d6b613b0399bbdfd5",
        "type": "github"
      },
      "original": {
        "owner": "nix-community",
        "repo": "fenix",
        "type": "github"
      }
    },
    "flake-compat": {
      "flake": false,
      "locked": {
        "lastModified": 1673956053,
        "narHash": "sha256-4gtG9iQuiKITOjNQQeQIpoIB6b16fm+504Ch3sNKLd8=",
        "owner": "edolstra",
        "repo": "flake-compat",
        "rev": "35bb57c0c8d8b62bbfd284272c928ceb64ddbde9",
        "type": "github"
      },
      "original": {
        "owner": "edolstra",
        "repo": "flake-compat",
        "type": "github"
      }
    },
    "flake-compat_2": {
      "flake": false,
      "locked": {
        "lastModified": 1673956053,
        "narHash": "sha256-4gtG9iQuiKITOjNQQeQIpoIB6b16fm+504Ch3sNKLd8=",
        "owner": "edolstra",
        "repo": "flake-compat",
        "rev": "35bb57c0c8d8b62bbfd284272c928ceb64ddbde9",
        "type": "github"
      },
      "original": {
        "owner": "edolstra",
        "repo": "flake-compat",
        "type": "github"
      }
    },
    "flake-compat_3": {
      "flake": false,
      "locked": {
        "lastModified": 1668681692,
        "narHash": "sha256-Ht91NGdewz8IQLtWZ9LCeNXMSXHUss+9COoqu6JLmXU=",
        "owner": "edolstra",
        "repo": "flake-compat",
        "rev": "009399224d5e398d03b22badca40a37ac85412a1",
        "type": "github"
      },
      "original": {
        "owner": "edolstra",
        "repo": "flake-compat",
        "type": "github"
      }
    },
    "flake-utils": {
      "locked": {
        "lastModified": 1667395993,
        "narHash": "sha256-nuEHfE/LcWyuSWnS8t12N1wc105Qtau+/OdUAjtQ0rA=",
        "owner": "numtide",
        "repo": "flake-utils",
        "rev": "5aed5285a952e0b949eb3ba02c12fa4fcfef535f",
        "type": "github"
      },
      "original": {
        "owner": "numtide",
        "repo": "flake-utils",
        "type": "github"
      }
    },
    "flake-utils_2": {
      "locked": {
        "lastModified": 1667395993,
        "narHash": "sha256-nuEHfE/LcWyuSWnS8t12N1wc105Qtau+/OdUAjtQ0rA=",
        "owner": "numtide",
        "repo": "flake-utils",
        "rev": "5aed5285a952e0b949eb3ba02c12fa4fcfef535f",
        "type": "github"
      },
      "original": {
        "owner": "numtide",
        "repo": "flake-utils",
        "type": "github"
      }
    },
    "flake-utils_3": {
      "locked": {
        "lastModified": 1637014545,
        "narHash": "sha256-26IZAc5yzlD9FlDT54io1oqG/bBoyka+FJk5guaX4x4=",
        "owner": "numtide",
        "repo": "flake-utils",
        "rev": "bba5dcc8e0b20ab664967ad83d24d64cb64ec4f4",
        "type": "github"
      },
      "original": {
        "owner": "numtide",
        "repo": "flake-utils",
        "type": "github"
      }
    },
    "home-manager": {
      "inputs": {
        "nixpkgs": [
          "nixpkgs"
        ],
        "utils": "utils"
      },
      "locked": {
        "lastModified": 1675935446,
        "narHash": "sha256-WajulTn7QdwC7QuXRBavrANuIXE5z+08EdxdRw1qsNs=",
        "owner": "nix-community",
        "repo": "home-manager",
        "rev": "2dce7f1a55e785a22d61668516df62899278c9e4",
        "type": "github"
      },
      "original": {
        "owner": "nix-community",
        "repo": "home-manager",
        "type": "github"
      }
    },
    "neovim-flake": {
      "inputs": {
        "flake-utils": "flake-utils",
        "nixpkgs": [
          "neovim-nightly-overlay",
          "nixpkgs"
        ]
      },
      "locked": {
        "dir": "contrib",
        "lastModified": 1675986157,
        "narHash": "sha256-AoMrQJ0WcEl6CuLQxPiNDoKir1x+sVQcfXLpZJ/mLaw=",
        "owner": "neovim",
        "repo": "neovim",
        "rev": "fe1e6b82f4f3ff3d919d1243f37e9216781bb786",
        "type": "github"
      },
      "original": {
        "dir": "contrib",
        "owner": "neovim",
        "repo": "neovim",
        "type": "github"
      }
    },
    "neovim-nightly-overlay": {
      "inputs": {
        "flake-compat": "flake-compat",
        "neovim-flake": "neovim-flake",
        "nixpkgs": "nixpkgs"
      },
      "locked": {
        "lastModified": 1676016899,
        "narHash": "sha256-B/MUsGyMumyr4NLEk7kYcXrEODgweNVtlyZ9yqtIhzI=",
        "owner": "nix-community",
        "repo": "neovim-nightly-overlay",
        "rev": "e9cb47e9640626025f1cc5ba47d50c7064bc189c",
        "type": "github"
      },
      "original": {
        "owner": "nix-community",
        "repo": "neovim-nightly-overlay",
        "type": "github"
      }
    },
    "nixos-hardware": {
      "locked": {
        "lastModified": 1675933606,
        "narHash": "sha256-y427VhPQHOKkYvkc9MMsL/2R7M11rQxzsRdRLM3htx8=",
        "owner": "NixOS",
        "repo": "nixos-hardware",
        "rev": "44ae00e02e8036a66c08f4decdece7e3bbbefee2",
        "type": "github"
      },
      "original": {
        "owner": "NixOS",
        "ref": "master",
        "repo": "nixos-hardware",
        "type": "github"
      }
    },
    "nixpkgs": {
      "locked": {
        "lastModified": 1671983799,
        "narHash": "sha256-Z2Ro6hFPZHkBqkVXY5/aBUzxi5xizQGvuHQ9+T5B/ks=",
        "owner": "nixos",
        "repo": "nixpkgs",
        "rev": "fad51abd42ca17a60fc1d4cb9382e2d79ae31836",
        "type": "github"
      },
      "original": {
        "owner": "nixos",
        "ref": "nixpkgs-unstable",
        "repo": "nixpkgs",
        "type": "github"
      }
    },
    "nixpkgs-22_11": {
      "locked": {
        "lastModified": 1669558522,
        "narHash": "sha256-yqxn+wOiPqe6cxzOo4leeJOp1bXE/fjPEi/3F/bBHv8=",
        "owner": "NixOS",
        "repo": "nixpkgs",
        "rev": "ce5fe99df1f15a09a91a86be9738d68fadfbad82",
        "type": "github"
      },
      "original": {
        "id": "nixpkgs",
        "ref": "nixos-22.11",
        "type": "indirect"
      }
    },
    "nixpkgs-f2k": {
      "inputs": {
        "crane": "crane",
        "nixpkgs": "nixpkgs_3",
        "nixpkgs-fmt": "nixpkgs-fmt",
        "river-src": "river-src",
        "wezterm-src": "wezterm-src"
      },
      "locked": {
        "lastModified": 1675911208,
        "narHash": "sha256-yYTPUkZEEWFrqdzUjCyMs6GYR2+Z5oycMj2pu47d0UU=",
        "owner": "fortuneteller2k",
        "repo": "nixpkgs-f2k",
        "rev": "f1a56197a61a77ad06703cc484d6c85949b95988",
        "type": "github"
      },
      "original": {
        "owner": "fortuneteller2k",
        "repo": "nixpkgs-f2k",
        "type": "github"
      }
    },
    "nixpkgs-fmt": {
      "inputs": {
        "fenix": "fenix",
        "flake-utils": "flake-utils_3",
        "nixpkgs": [
          "nixpkgs-f2k",
          "nixpkgs"
        ]
      },
      "locked": {
        "lastModified": 1674305531,
        "narHash": "sha256-0p7gNg56XlmZJrk5VIv4ZGnO6mkJ50eCNKoLaOvTH0w=",
        "owner": "nix-community",
        "repo": "nixpkgs-fmt",
        "rev": "d94168e9d7f8ffb24fe43726d3f9bd29c95b9ef3",
        "type": "github"
      },
      "original": {
        "owner": "nix-community",
        "repo": "nixpkgs-fmt",
        "type": "github"
      }
    },
    "nixpkgs-stable": {
      "locked": {
        "lastModified": 1675556398,
        "narHash": "sha256-5Gf5KlmFXfIGVQb2hmiiE7FQHoLd4UtEhIolLQvNB/A=",
        "owner": "NixOS",
        "repo": "nixpkgs",
        "rev": "e32c33811815ca4a535a16faf1c83eeb4493145b",
        "type": "github"
      },
      "original": {
        "owner": "NixOS",
        "ref": "release-22.11",
        "repo": "nixpkgs",
        "type": "github"
      }
    },
    "nixpkgs_2": {
      "locked": {
        "lastModified": 1675918889,
        "narHash": "sha256-hy7re4F9AEQqwZxubct7jBRos6md26bmxnCjxf5utJA=",
        "owner": "NixOS",
        "repo": "nixpkgs",
        "rev": "49efda9011e8cdcd6c1aad30384cb1dc230c82fe",
        "type": "github"
      },
      "original": {
        "owner": "NixOS",
        "ref": "nixos-22.11",
        "repo": "nixpkgs",
        "type": "github"
      }
    },
    "nixpkgs_3": {
      "locked": {
        "lastModified": 1675910912,
        "narHash": "sha256-kDToWIXab3u0PWaIrWjj1sHTBmWrFQG9+9Rsakw6cXo=",
        "owner": "NixOS",
        "repo": "nixpkgs",
        "rev": "7483351ce74b8d9765c17b76b5c7754bf4573d99",
        "type": "github"
      },
      "original": {
        "owner": "NixOS",
        "ref": "master",
        "repo": "nixpkgs",
        "type": "github"
      }
    },
    "nixpkgs_4": {
      "locked": {
        "lastModified": 1670751203,
        "narHash": "sha256-XdoH1v3shKDGlrwjgrNX/EN8s3c+kQV7xY6cLCE8vcI=",
        "owner": "NixOS",
        "repo": "nixpkgs",
        "rev": "64e0bf055f9d25928c31fb12924e59ff8ce71e60",
        "type": "github"
      },
      "original": {
        "id": "nixpkgs",
        "ref": "nixos-unstable",
        "type": "indirect"
      }
    },
    "nixpkgs_5": {
      "locked": {
        "lastModified": 1675523619,
        "narHash": "sha256-jHvkAwkbAj1s0O5riHMghSDHh9iz8AwLTbXQuVQKQcg=",
        "owner": "NixOS",
        "repo": "nixpkgs",
        "rev": "5a211d5e8d18b20b5a2b22157266cc00f8c4f3b9",
        "type": "github"
      },
      "original": {
        "owner": "NixOS",
        "ref": "nixpkgs-unstable",
        "repo": "nixpkgs",
        "type": "github"
      }
    },
    "river-src": {
      "flake": false,
      "locked": {
        "lastModified": 1675445258,
        "narHash": "sha256-g7ulKY47kFCNo2ObMsv6oaomDBH2XbH59VXQcx2QFno=",
        "ref": "refs/heads/master",
        "rev": "919d5d7c621e2c32307f2fad97151f3cb5a37809",
        "revCount": 947,
        "submodules": true,
        "type": "git",
        "url": "https://github.com/riverwm/river.git"
      },
      "original": {
        "submodules": true,
        "type": "git",
        "url": "https://github.com/riverwm/river.git"
      }
    },
    "root": {
      "inputs": {
        "home-manager": "home-manager",
        "neovim-nightly-overlay": "neovim-nightly-overlay",
        "nixos-hardware": "nixos-hardware",
        "nixpkgs": "nixpkgs_2",
        "nixpkgs-f2k": "nixpkgs-f2k",
        "simple-nixos-mailserver": "simple-nixos-mailserver",
        "sops-nix": "sops-nix"
      }
    },
    "rust-analyzer-src": {
      "flake": false,
      "locked": {
        "lastModified": 1637439871,
        "narHash": "sha256-2awQ/obzl7zqYgLwbQL0zT58gN8Xq7n+81GcMiS595I=",
        "owner": "rust-analyzer",
        "repo": "rust-analyzer",
        "rev": "4566414789310acb2617543f4b50beab4bb48e06",
        "type": "github"
      },
      "original": {
        "owner": "rust-analyzer",
        "ref": "nightly",
        "repo": "rust-analyzer",
        "type": "github"
      }
    },
    "rust-overlay": {
      "inputs": {
        "flake-utils": [
          "nixpkgs-f2k",
          "crane",
          "flake-utils"
        ],
        "nixpkgs": [
          "nixpkgs-f2k",
          "crane",
          "nixpkgs"
        ]
      },
      "locked": {
        "lastModified": 1675391458,
        "narHash": "sha256-ukDKZw922BnK5ohL9LhwtaDAdCsJL7L6ScNEyF1lO9w=",
        "owner": "oxalica",
        "repo": "rust-overlay",
        "rev": "383a4acfd11d778d5c2efcf28376cbd845eeaedf",
        "type": "github"
      },
      "original": {
        "owner": "oxalica",
        "repo": "rust-overlay",
        "type": "github"
      }
    },
    "simple-nixos-mailserver": {
      "inputs": {
        "blobs": "blobs",
        "flake-compat": "flake-compat_3",
        "nixpkgs": "nixpkgs_4",
        "nixpkgs-22_11": "nixpkgs-22_11",
        "utils": "utils_2"
      },
      "locked": {
        "lastModified": 1671738303,
        "narHash": "sha256-PRgqtaWf2kMSYqVmcnmhTh+UsC0RmvXRTr+EOw5VZUA=",
        "owner": "simple-nixos-mailserver",
        "repo": "nixos-mailserver",
        "rev": "6d0d9fb966cc565a3df74d3b686f924c7615118c",
        "type": "gitlab"
      },
      "original": {
        "owner": "simple-nixos-mailserver",
        "repo": "nixos-mailserver",
        "type": "gitlab"
      }
    },
    "sops-nix": {
      "inputs": {
        "nixpkgs": "nixpkgs_5",
        "nixpkgs-stable": "nixpkgs-stable"
      },
      "locked": {
        "lastModified": 1675872570,
        "narHash": "sha256-RPH3CeTv7ixC2WcYiKyhmIgoH/9tur4Kr+3Vg/pleQk=",
        "owner": "Mic92",
        "repo": "sops-nix",
        "rev": "8fec29b009c19538e68d5d814ec74e04f662fbd1",
        "type": "github"
      },
      "original": {
        "owner": "Mic92",
        "repo": "sops-nix",
        "type": "github"
      }
    },
    "utils": {
      "locked": {
        "lastModified": 1667395993,
        "narHash": "sha256-nuEHfE/LcWyuSWnS8t12N1wc105Qtau+/OdUAjtQ0rA=",
        "owner": "numtide",
        "repo": "flake-utils",
        "rev": "5aed5285a952e0b949eb3ba02c12fa4fcfef535f",
        "type": "github"
      },
      "original": {
        "owner": "numtide",
        "repo": "flake-utils",
        "type": "github"
      }
    },
    "utils_2": {
      "locked": {
        "lastModified": 1605370193,
        "narHash": "sha256-YyMTf3URDL/otKdKgtoMChu4vfVL3vCMkRqpGifhUn0=",
        "owner": "numtide",
        "repo": "flake-utils",
        "rev": "5021eac20303a61fafe17224c087f5519baed54d",
        "type": "github"
      },
      "original": {
        "owner": "numtide",
        "repo": "flake-utils",
        "type": "github"
      }
    },
    "wezterm-src": {
      "flake": false,
      "locked": {
        "lastModified": 1675873168,
        "narHash": "sha256-y7rTeqXa55+fS9lDCDbADFElDZdKHIsnfEq6sflDmEQ=",
        "ref": "main",
        "rev": "fd5c6dceb1b1ba2f799b5df8c2d149d3671d2b59",
        "revCount": 6705,
        "submodules": true,
        "type": "git",
        "url": "https://github.com/wez/wezterm.git"
      },
      "original": {
        "ref": "main",
        "submodules": true,
        "type": "git",
        "url": "https://github.com/wez/wezterm.git"
      }
    }
  },
  "root": "root",
  "version": 7
}
